
Microsoft Visual Studio Solution File, Format Version 12.00
# Visual Studio Version 16
VisualStudioVersion = 16.0.30717.126
MinimumVisualStudioVersion = 10.0.40219.1
Project("{FAE04EC0-301F-11D3-BF4B-00C04F79EFBC}") = "Fractals", "Fractals\Fractals.csproj", "{C8AC9455-5D80-4CA5-B8D0-AE4580749073}"
EndProject
Global
	GlobalSection(SolutionConfigurationPlatforms) = preSolution
		Debug|Any CPU = Debug|Any CPU
		Release|Any CPU = Release|Any CPU
	EndGlobalSection
	GlobalSection(ProjectConfigurationPlatforms) = postSolution
		{C8AC9455-5D80-4CA5-B8D0-AE4580749073}.Debug|Any CPU.ActiveCfg = Debug|Any CPU
		{C8AC9455-5D80-4CA5-B8D0-AE4580749073}.Debug|Any CPU.Build.0 = Debug|Any CPU
		{C8AC9455-5D80-4CA5-B8D0-AE4580749073}.Release|Any CPU.ActiveCfg = Release|Any CPU
		{C8AC9455-5D80-4CA5-B8D0-AE4580749073}.Release|Any CPU.Build.0 = Release|Any CPU
	EndGlobalSection
	GlobalSection(SolutionProperties) = preSolution
		HideSolutionNode = FALSE
	EndGlobalSection
	GlobalSection(ExtensibilityGlobals) = postSolution
		SolutionGuid = {7E67253F-2208-4526-92AF-627555163EA0}
	EndGlobalSection
EndGlobal
